
Microsoft Visual Studio Solution File, Format Version 12.00
# Visual Studio Version 17
VisualStudioVersion = 17.6.33723.286
MinimumVisualStudioVersion = 10.0.40219.1
Project("{FAE04EC0-301F-11D3-BF4B-00C04F79EFBC}") = "TGU3_Briceño_Lopez_Hernandez_Huallpa", "TGU3_Briceño_Lopez_Hernandez_Huallpa\TGU3_Briceño_Lopez_Hernandez_Huallpa.csproj", "{9B686486-5B46-4FE2-8B55-F8BCAA440326}"
EndProject
Global
	GlobalSection(SolutionConfigurationPlatforms) = preSolution
		Debug|Any CPU = Debug|Any CPU
		Release|Any CPU = Release|Any CPU
	EndGlobalSection
	GlobalSection(ProjectConfigurationPlatforms) = postSolution
		{9B686486-5B46-4FE2-8B55-F8BCAA440326}.Debug|Any CPU.ActiveCfg = Debug|Any CPU
		{9B686486-5B46-4FE2-8B55-F8BCAA440326}.Debug|Any CPU.Build.0 = Debug|Any CPU
		{9B686486-5B46-4FE2-8B55-F8BCAA440326}.Release|Any CPU.ActiveCfg = Release|Any CPU
		{9B686486-5B46-4FE2-8B55-F8BCAA440326}.Release|Any CPU.Build.0 = Release|Any CPU
	EndGlobalSection
	GlobalSection(SolutionProperties) = preSolution
		HideSolutionNode = FALSE
	EndGlobalSection
	GlobalSection(ExtensibilityGlobals) = postSolution
		SolutionGuid = {39531F79-08D3-463E-81F7-3CEC65EDA703}
	EndGlobalSection
EndGlobal
